
Microsoft Visual Studio Solution File, Format Version 11.00
# Visual Studio 2010
Project("{8BC9CEB8-8B4A-11D0-8D11-00A0C91BC942}") = "ServerTest", "ServerTest\ServerTest.vcxproj", "{D8475E2A-F216-400B-BA7A-AC7EFC112A72}"
EndProject
Global
	GlobalSection(SolutionConfigurationPlatforms) = preSolution
		Debug|Win32 = Debug|Win32
		Release|Win32 = Release|Win32
	EndGlobalSection
	GlobalSection(ProjectConfigurationPlatforms) = postSolution
		{D8475E2A-F216-400B-BA7A-AC7EFC112A72}.Debug|Win32.ActiveCfg = Debug|Win32
		{D8475E2A-F216-400B-BA7A-AC7EFC112A72}.Debug|Win32.Build.0 = Debug|Win32
		{D8475E2A-F216-400B-BA7A-AC7EFC112A72}.Release|Win32.ActiveCfg = Release|Win32
		{D8475E2A-F216-400B-BA7A-AC7EFC112A72}.Release|Win32.Build.0 = Release|Win32
	EndGlobalSection
	GlobalSection(SolutionProperties) = preSolution
		HideSolutionNode = FALSE
	EndGlobalSection
EndGlobal
